{
  "requires": true,
  "lockfileVersion": 1,
  "dependencies": {
    "bitstyles": {
      "version": "2.0.0",
      "resolved": "https://registry.npmjs.org/bitstyles/-/bitstyles-2.0.0.tgz",
      "integrity": "sha512-BL7C0K2RxWR4F4lKc6Y7aqxWc5aUeKnWqNiWHSnykyCVKgVL2YAGhZxlqwyAtnhkQcDmSSJF8HX69C92TDzsxw=="
    }
  }
}
